
Microsoft Visual Studio Solution File, Format Version 12.00
# Visual Studio Version 16
VisualStudioVersion = 16.0.29728.190
MinimumVisualStudioVersion = 10.0.40219.1
Project("{FAE04EC0-301F-11D3-BF4B-00C04F79EFBC}") = "parcial", "parcial\parcial.csproj", "{329083CD-542E-4A15-981A-798E0D817D96}"
EndProject
Global
	GlobalSection(SolutionConfigurationPlatforms) = preSolution
		Debug|Any CPU = Debug|Any CPU
		Release|Any CPU = Release|Any CPU
	EndGlobalSection
	GlobalSection(ProjectConfigurationPlatforms) = postSolution
		{329083CD-542E-4A15-981A-798E0D817D96}.Debug|Any CPU.ActiveCfg = Debug|Any CPU
		{329083CD-542E-4A15-981A-798E0D817D96}.Debug|Any CPU.Build.0 = Debug|Any CPU
		{329083CD-542E-4A15-981A-798E0D817D96}.Release|Any CPU.ActiveCfg = Release|Any CPU
		{329083CD-542E-4A15-981A-798E0D817D96}.Release|Any CPU.Build.0 = Release|Any CPU
	EndGlobalSection
	GlobalSection(SolutionProperties) = preSolution
		HideSolutionNode = FALSE
	EndGlobalSection
	GlobalSection(ExtensibilityGlobals) = postSolution
		SolutionGuid = {C1DE2417-DB4D-4D28-BCF0-4A8A0F1E187C}
	EndGlobalSection
EndGlobal
